Microsoft Visual Studio Solution File, Format Version 12.00
# Visual Studio 15
VisualStudioVersion = 15.0.26228.4
MinimumVisualStudioVersion = 10.0.40219.1
Project("{2150E333-8FDC-42A3-9474-1A3956D46DE8}") = "src", "src", "{F073A952-0D69-40B8-86AF-6ACCCCF96390}"
EndProject
Project("{2150E333-8FDC-42A3-9474-1A3956D46DE8}") = "sample", "sample", "{39940282-C2C3-4D3B-8BD8-C30173D06937}"
EndProject
Project("{9A19103F-16F7-4668-BE54-9A1E7A4F7556}") = "KestrelPureOwin", "src\KestrelPureOwin\KestrelPureOwin.csproj", "{2FE097C1-AC56-4046-BA60-C76B28E8FB83}"
EndProject
Project("{9A19103F-16F7-4668-BE54-9A1E7A4F7556}") = "KestrelPureOwin.HelloWorld", "sample\KestrelPureOwin.HelloWorld\KestrelPureOwin.HelloWorld.csproj", "{DEFA92C3-2BD0-404C-BFDE-36B604330DB5}"
EndProject
Project("{FAE04EC0-301F-11D3-BF4B-00C04F79EFBC}") = "KestrelPureOwin.HelloWorld.Katana", "sample\KestrelPureOwin.HelloWorld.Katana\KestrelPureOwin.HelloWorld.Katana.csproj", "{8DF915E1-2FFE-4DE2-A931-115DDFE521EB}"
EndProject
Global
	GlobalSection(SolutionConfigurationPlatforms) = preSolution
		Debug|Any CPU = Debug|Any CPU
		Release|Any CPU = Release|Any CPU
	EndGlobalSection
	GlobalSection(ProjectConfigurationPlatforms) = postSolution
		{2FE097C1-AC56-4046-BA60-C76B28E8FB83}.Debug|Any CPU.ActiveCfg = Debug|Any CPU
		{2FE097C1-AC56-4046-BA60-C76B28E8FB83}.Debug|Any CPU.Build.0 = Debug|Any CPU
		{2FE097C1-AC56-4046-BA60-C76B28E8FB83}.Release|Any CPU.ActiveCfg = Release|Any CPU
		{2FE097C1-AC56-4046-BA60-C76B28E8FB83}.Release|Any CPU.Build.0 = Release|Any CPU
		{DEFA92C3-2BD0-404C-BFDE-36B604330DB5}.Debug|Any CPU.ActiveCfg = Debug|Any CPU
		{DEFA92C3-2BD0-404C-BFDE-36B604330DB5}.Debug|Any CPU.Build.0 = Debug|Any CPU
		{DEFA92C3-2BD0-404C-BFDE-36B604330DB5}.Release|Any CPU.ActiveCfg = Release|Any CPU
		{DEFA92C3-2BD0-404C-BFDE-36B604330DB5}.Release|Any CPU.Build.0 = Release|Any CPU
		{8DF915E1-2FFE-4DE2-A931-115DDFE521EB}.Debug|Any CPU.ActiveCfg = Debug|Any CPU
		{8DF915E1-2FFE-4DE2-A931-115DDFE521EB}.Debug|Any CPU.Build.0 = Debug|Any CPU
		{8DF915E1-2FFE-4DE2-A931-115DDFE521EB}.Release|Any CPU.ActiveCfg = Release|Any CPU
		{8DF915E1-2FFE-4DE2-A931-115DDFE521EB}.Release|Any CPU.Build.0 = Release|Any CPU
	EndGlobalSection
	GlobalSection(SolutionProperties) = preSolution
		HideSolutionNode = FALSE
	EndGlobalSection
	GlobalSection(NestedProjects) = preSolution
		{2FE097C1-AC56-4046-BA60-C76B28E8FB83} = {F073A952-0D69-40B8-86AF-6ACCCCF96390}
		{DEFA92C3-2BD0-404C-BFDE-36B604330DB5} = {39940282-C2C3-4D3B-8BD8-C30173D06937}
		{8DF915E1-2FFE-4DE2-A931-115DDFE521EB} = {39940282-C2C3-4D3B-8BD8-C30173D06937}
	EndGlobalSection
EndGlobal
